
Microsoft Visual Studio Solution File, Format Version 12.00
# Visual Studio 15
VisualStudioVersion = 15.0.27428.2002
MinimumVisualStudioVersion = 10.0.40219.1
Project("{FAE04EC0-301F-11D3-BF4B-00C04F79EFBC}") = "SabrineClient", "SabrineClient\SabrineClient.csproj", "{DEDF9F79-6AAE-429F-B222-9173C165F14F}"
EndProject
Project("{FAE04EC0-301F-11D3-BF4B-00C04F79EFBC}") = "SabrineServer", "SabrineServer\SabrineServer.csproj", "{1D104DFE-FDC6-4B3C-83C9-838A0CF10EE7}"
EndProject
Project("{2150E333-8FDC-42A3-9474-1A3956D46DE8}") = "common", "common", "{CDF520FF-18C6-4A5F-819D-C6438AA3DF94}"
	ProjectSection(SolutionItems) = preProject
		message.cs = message.cs
	EndProjectSection
EndProject
Global
	GlobalSection(SolutionConfigurationPlatforms) = preSolution
		Debug|Any CPU = Debug|Any CPU
		Release|Any CPU = Release|Any CPU
	EndGlobalSection
	GlobalSection(ProjectConfigurationPlatforms) = postSolution
		{DEDF9F79-6AAE-429F-B222-9173C165F14F}.Debug|Any CPU.ActiveCfg = Debug|Any CPU
		{DEDF9F79-6AAE-429F-B222-9173C165F14F}.Debug|Any CPU.Build.0 = Debug|Any CPU
		{DEDF9F79-6AAE-429F-B222-9173C165F14F}.Release|Any CPU.ActiveCfg = Release|Any CPU
		{DEDF9F79-6AAE-429F-B222-9173C165F14F}.Release|Any CPU.Build.0 = Release|Any CPU
		{1D104DFE-FDC6-4B3C-83C9-838A0CF10EE7}.Debug|Any CPU.ActiveCfg = Debug|Any CPU
		{1D104DFE-FDC6-4B3C-83C9-838A0CF10EE7}.Debug|Any CPU.Build.0 = Debug|Any CPU
		{1D104DFE-FDC6-4B3C-83C9-838A0CF10EE7}.Release|Any CPU.ActiveCfg = Release|Any CPU
		{1D104DFE-FDC6-4B3C-83C9-838A0CF10EE7}.Release|Any CPU.Build.0 = Release|Any CPU
	EndGlobalSection
	GlobalSection(SolutionProperties) = preSolution
		HideSolutionNode = FALSE
	EndGlobalSection
	GlobalSection(ExtensibilityGlobals) = postSolution
		SolutionGuid = {42BBF5B1-300A-4650-8D40-7CBA10277141}
	EndGlobalSection
EndGlobal
